<Solution>
  <Folder Name="/src/" />
  <Folder Name="/src/Gateway/">
    <Project Path="src/Gateway/SMessenger.Gateway/SMessenger.Gateway.csproj" />
  </Folder>
  <Folder Name="/src/Shared/">
    <Project Path="src/Shared/SMessenger.Shared.Contracts/SMessenger.Shared.Contracts.csproj" />
  </Folder>
</Solution>
